
Microsoft Visual Studio Solution File, Format Version 12.00
# Visual Studio Version 17
VisualStudioVersion = 17.3.32819.101
MinimumVisualStudioVersion = 10.0.40219.1
Project("{FAE04EC0-301F-11D3-BF4B-00C04F79EFBC}") = "Linear Regression", "Linear Regression\Linear Regression.csproj", "{23F6FB98-8D08-41B7-93E4-2F3DF05FF9AB}"
EndProject
Global
	GlobalSection(SolutionConfigurationPlatforms) = preSolution
		Debug|Any CPU = Debug|Any CPU
		Release|Any CPU = Release|Any CPU
	EndGlobalSection
	GlobalSection(ProjectConfigurationPlatforms) = postSolution
		{23F6FB98-8D08-41B7-93E4-2F3DF05FF9AB}.Debug|Any CPU.ActiveCfg = Debug|Any CPU
		{23F6FB98-8D08-41B7-93E4-2F3DF05FF9AB}.Debug|Any CPU.Build.0 = Debug|Any CPU
		{23F6FB98-8D08-41B7-93E4-2F3DF05FF9AB}.Release|Any CPU.ActiveCfg = Release|Any CPU
		{23F6FB98-8D08-41B7-93E4-2F3DF05FF9AB}.Release|Any CPU.Build.0 = Release|Any CPU
	EndGlobalSection
	GlobalSection(SolutionProperties) = preSolution
		HideSolutionNode = FALSE
	EndGlobalSection
	GlobalSection(ExtensibilityGlobals) = postSolution
		SolutionGuid = {1E022138-E64C-4ADE-B343-2CF5CB917051}
	EndGlobalSection
EndGlobal
